lockfileVersion: 5.4

specifiers:
  '@types/mdast': ^3.0.11
  mdast: ^3.0.0
  remark: ^14.0.2
  rimraf: ^5.0.0
  tslib: ^2.5.0
  typescript: ^5.0.4
  unified: ^10.1.2
  unist-util-visit: ^4.1.2

devDependencies:
  '@types/mdast': 3.0.11
  mdast: 3.0.0
  remark: 14.0.2
  rimraf: 5.0.0
  tslib: 2.5.0
  typescript: 5.0.4
  unified: 10.1.2
  unist-util-visit: 4.1.2

packages:

  /@pkgjs/parseargs/0.11.0:
    resolution: {integrity: sha512-+1VkjdD0QBLPodGrJUeqarH8VAIvQODIbwh9XpP5Syisf7YoQgsJKPNFoqqLQlu+VQ/tVSshMR6loPMn8U+dPg==}
    engines: {node: '>=14'}
    requiresBuild: true
    dev: true
    optional: true

  /@types/debug/4.1.7:
    resolution: {integrity: sha512-9AonUzyTjXXhEOa0DnqpzZi6VHlqKMswga9EXjpXnnqxwLtdvPPtlO8evrI5D9S6asFRCQ6v+wpiUKbw+vKqyg==}
    dependencies:
      '@types/ms': 0.7.31
    dev: true

  /@types/mdast/3.0.11:
    resolution: {integrity: sha512-Y/uImid8aAwrEA24/1tcRZwpxX3pIFTSilcNDKSPn+Y2iDywSEachzRuvgAYYLR3wpGXAsMbv5lvKLDZLeYPAw==}
    dependencies:
      '@types/unist': 2.0.6
    dev: true

  /@types/ms/0.7.31:
    resolution: {integrity: sha512-iiUgKzV9AuaEkZqkOLDIvlQiL6ltuZd9tGcW3gwpnX8JbuiuhFlEGmmFXEXkN50Cvq7Os88IY2v0dkDqXYWVgA==}
    dev: true

  /@types/unist/2.0.6:
    resolution: {integrity: sha512-PBjIUxZHOuj0R15/xuwJYjFi+KZdNFrehocChv4g5hu6aFroHue8m0lBP0POdK2nKzbw0cgV1mws8+V/JAcEkQ==}
    dev: true

  /ansi-regex/5.0.1:
    resolution: {integrity: sha512-quJQXlTSUGL2LH9SUXo8VwsY4soanhgo6LNSm84E1LBcE8s3O0wpdiRzyR9z/ZZJMlMWv37qOOb9pdJlMUEKFQ==}
    engines: {node: '>=8'}
    dev: true

  /ansi-styles/4.3.0:
    resolution: {integrity: sha512-zbB9rCJAT1rbjiVDb2hqKFHNYLxgtk8NURxZ3IZwD3F6NtxbXZQCnnSi1Lkx+IDohdPlFp222wVALIheZJQSEg==}
    engines: {node: '>=8'}
    dependencies:
      color-convert: 2.0.1
    dev: true

  /bail/2.0.2:
    resolution: {integrity: sha512-0xO6mYd7JB2YesxDKplafRpsiOzPt9V02ddPCLbY1xYGPOX24NTyN50qnUxgCPcSoYMhKpAuBTjQoRZCAkUDRw==}
    dev: true

  /balanced-match/1.0.2:
    resolution: {integrity: sha512-3oSeUO0TMV67hN1AmbXsK4yaqU7tjiHlbxRDZOpH0KW9+CeX4bRAaX0Anxt0tx2MrpRpWwQaPwIlISEJhYU5Pw==}
    dev: true

  /brace-expansion/2.0.1:
    resolution: {integrity: sha512-XnAIvQ8eM+kC6aULx6wuQiwVsnzsi9d3WxzV3FpWTGA19F621kwdbsAcFKXgKUHZWsy+mY6iL1sHTxWEFCytDA==}
    dependencies:
      balanced-match: 1.0.2
    dev: true

  /character-entities/2.0.2:
    resolution: {integrity: sha512-shx7oQ0Awen/BRIdkjkvz54PnEEI/EjwXDSIZp86/KKdbafHh1Df/RYGBhn4hbe2+uKC9FnT5UCEdyPz3ai9hQ==}
    dev: true

  /cliui/7.0.4:
    resolution: {integrity: sha512-OcRE68cOsVMXp1Yvonl/fzkQOyjLSu/8bhPDfQt0e0/Eb283TKP20Fs2MqoPsr9SwA595rRCA+QMzYc9nBP+JQ==}
    dependencies:
      string-width: 4.2.3
      strip-ansi: 6.0.1
      wrap-ansi: 7.0.0
    dev: true

  /color-convert/2.0.1:
    resolution: {integrity: sha512-RRECPsj7iu/xb5oKYcsFHSppFNnsj/52OVTRKb4zP5onXwVF3zVmmToNcOfGC+CRDpfK/U584fMg38ZHCaElKQ==}
    engines: {node: '>=7.0.0'}
    dependencies:
      color-name: 1.1.4
    dev: true

  /color-name/1.1.4:
    resolution: {integrity: sha512-dOy+3AuW3a2wNbZHIuMZpTcgjGuLU/uBL/ubcZF9OXbDo8ff4O8yVp5Bf0efS8uEoYo5q4Fx7dY9OgQGXgAsQA==}
    dev: true

  /cross-spawn/7.0.3:
    resolution: {integrity: sha512-iRDPJKUPVEND7dHPO8rkbOnPpyDygcDFtWjpeWNCgy8WP2rXcxXL8TskReQl6OrB2G7+UJrags1q15Fudc7G6w==}
    engines: {node: '>= 8'}
    dependencies:
      path-key: 3.1.1
      shebang-command: 2.0.0
      which: 2.0.2
    dev: true

  /debug/4.3.4:
    resolution: {integrity: sha512-PRWFHuSU3eDtQJPvnNY7Jcket1j0t5OuOsFzPPzsekD52Zl8qUfFIPEiswXqIvHWGVHOgX+7G/vCNNhehwxfkQ==}
    engines: {node: '>=6.0'}
    peerDependencies:
      supports-color: '*'
    peerDependenciesMeta:
      supports-color:
        optional: true
    dependencies:
      ms: 2.1.2
    dev: true

  /decode-named-character-reference/1.0.2:
    resolution: {integrity: sha512-O8x12RzrUF8xyVcY0KJowWsmaJxQbmy0/EtnNtHRpsOcT7dFk5W598coHqBVpmWo1oQQfsCqfCmkZN5DJrZVdg==}
    dependencies:
      character-entities: 2.0.2
    dev: true

  /dequal/2.0.3:
    resolution: {integrity: sha512-0je+qPKHEMohvfRTCEo3CrPG6cAzAYgmzKyxRiYSSDkS6eGJdyVJm7WaYA5ECaAD9wLB2T4EEeymA5aFVcYXCA==}
    engines: {node: '>=6'}
    dev: true

  /diff/5.1.0:
    resolution: {integrity: sha512-D+mk+qE8VC/PAUrlAU34N+VfXev0ghe5ywmpqrawphmVZc1bEfn56uo9qpyGp1p4xpzOHkSW4ztBd6L7Xx4ACw==}
    engines: {node: '>=0.3.1'}
    dev: true

  /emoji-regex/8.0.0:
    resolution: {integrity: sha512-MSjYzcWNOA0ewAHpz0MxpYFvwg6yjy1NG3xteoqz644VCo/RPgnr1/GGt+ic3iJTzQ8Eu3TdM14SawnVUmGE6A==}
    dev: true

  /extend/3.0.2:
    resolution: {integrity: sha512-fjquC59cD7CyW6urNXK0FBufkZcoiGG80wTuPujX590cB5Ttln20E2UB4S/WARVqhXffZl2LNgS+gQdPIIim/g==}
    dev: true

  /foreground-child/3.1.1:
    resolution: {integrity: sha512-TMKDUnIte6bfb5nWv7V/caI169OHgvwjb7V4WkeUvbQQdjr5rWKqHFiKWb/fcOwB+CzBT+qbWjvj+DVwRskpIg==}
    engines: {node: '>=14'}
    dependencies:
      cross-spawn: 7.0.3
      signal-exit: 4.0.1
    dev: true

  /glob/10.2.2:
    resolution: {integrity: sha512-Xsa0BcxIC6th9UwNjZkhrMtNo/MnyRL8jGCP+uEwhA5oFOCY1f2s1/oNKY47xQ0Bg5nkjsfAEIej1VeH62bDDQ==}
    engines: {node: '>=16 || 14 >=14.17'}
    hasBin: true
    dependencies:
      foreground-child: 3.1.1
      jackspeak: 2.1.0
      minimatch: 9.0.0
      minipass: 5.0.0
      path-scurry: 1.7.0
    dev: true

  /is-buffer/2.0.5:
    resolution: {integrity: sha512-i2R6zNFDwgEHJyQUtJEk0XFi1i0dPFn/oqjK3/vPCcDeJvW5NQ83V8QbicfF1SupOaB0h8ntgBC2YiE7dfyctQ==}
    engines: {node: '>=4'}
    dev: true

  /is-fullwidth-code-point/3.0.0:
    resolution: {integrity: sha512-zymm5+u+sCsSWyD9qNaejV3DFvhCKclKdizYaJUuHA83RLjb7nSuGnddCHGv0hk+KY7BMAlsWeK4Ueg6EV6XQg==}
    engines: {node: '>=8'}
    dev: true

  /is-plain-obj/4.1.0:
    resolution: {integrity: sha512-+Pgi+vMuUNkJyExiMBt5IlFoMyKnr5zhJ4Uspz58WOhBF5QoIZkFyNHIbBAtHwzVAgk5RtndVNsDRN61/mmDqg==}
    engines: {node: '>=12'}
    dev: true

  /isexe/2.0.0:
    resolution: {integrity: sha512-RHxMLp9lnKHGHRng9QFhRCMbYAcVpn69smSGcq3f36xjgVVWThj4qqLbTLlq7Ssj8B+fIQ1EuCEGI2lKsyQeIw==}
    dev: true

  /jackspeak/2.1.0:
    resolution: {integrity: sha512-DiEwVPqsieUzZBNxQ2cxznmFzfg/AMgJUjYw5xl6rSmCxAQXECcbSdwcLM6Ds6T09+SBfSNCGPhYUoQ96P4h7A==}
    engines: {node: '>=14'}
    dependencies:
      cliui: 7.0.4
    optionalDependencies:
      '@pkgjs/parseargs': 0.11.0
    dev: true

  /kleur/4.1.5:
    resolution: {integrity: sha512-o+NO+8WrRiQEE4/7nwRJhN1HWpVmJm511pBHUxPLtp0BUISzlBplORYSmTclCnJvQq2tKu/sgl3xVpkc7ZWuQQ==}
    engines: {node: '>=6'}
    dev: true

  /longest-streak/3.1.0:
    resolution: {integrity: sha512-9Ri+o0JYgehTaVBBDoMqIl8GXtbWg711O3srftcHhZ0dqnETqLaoIK0x17fUw9rFSlK/0NlsKe0Ahhyl5pXE2g==}
    dev: true

  /lru-cache/9.1.1:
    resolution: {integrity: sha512-65/Jky17UwSb0BuB9V+MyDpsOtXKmYwzhyl+cOa9XUiI4uV2Ouy/2voFP3+al0BjZbJgMBD8FojMpAf+Z+qn4A==}
    engines: {node: 14 || >=16.14}
    dev: true

  /mdast-util-from-markdown/1.3.0:
    resolution: {integrity: sha512-HN3W1gRIuN/ZW295c7zi7g9lVBllMgZE40RxCX37wrTPWXCWtpvOZdfnuK+1WNpvZje6XuJeI3Wnb4TJEUem+g==}
    dependencies:
      '@types/mdast': 3.0.11
      '@types/unist': 2.0.6
      decode-named-character-reference: 1.0.2
      mdast-util-to-string: 3.2.0
      micromark: 3.1.0
      micromark-util-decode-numeric-character-reference: 1.0.0
      micromark-util-decode-string: 1.0.2
      micromark-util-normalize-identifier: 1.0.0
      micromark-util-symbol: 1.0.1
      micromark-util-types: 1.0.2
      unist-util-stringify-position: 3.0.3
      uvu: 0.5.6
    transitivePeerDependencies:
      - supports-color
    dev: true

  /mdast-util-phrasing/3.0.1:
    resolution: {integrity: sha512-WmI1gTXUBJo4/ZmSk79Wcb2HcjPJBzM1nlI/OUWA8yk2X9ik3ffNbBGsU+09BFmXaL1IBb9fiuvq6/KMiNycSg==}
    dependencies:
      '@types/mdast': 3.0.11
      unist-util-is: 5.2.1
    dev: true

  /mdast-util-to-markdown/1.5.0:
    resolution: {integrity: sha512-bbv7TPv/WC49thZPg3jXuqzuvI45IL2EVAr/KxF0BSdHsU0ceFHOmwQn6evxAh1GaoK/6GQ1wp4R4oW2+LFL/A==}
    dependencies:
      '@types/mdast': 3.0.11
      '@types/unist': 2.0.6
      longest-streak: 3.1.0
      mdast-util-phrasing: 3.0.1
      mdast-util-to-string: 3.2.0
      micromark-util-decode-string: 1.0.2
      unist-util-visit: 4.1.2
      zwitch: 2.0.4
    dev: true

  /mdast-util-to-string/3.2.0:
    resolution: {integrity: sha512-V4Zn/ncyN1QNSqSBxTrMOLpjr+IKdHl2v3KVLoWmDPscP4r9GcCi71gjgvUV1SFSKh92AjAG4peFuBl2/YgCJg==}
    dependencies:
      '@types/mdast': 3.0.11
    dev: true

  /mdast/3.0.0:
    resolution: {integrity: sha512-xySmf8g4fPKMeC07jXGz971EkLbWAJ83s4US2Tj9lEdnZ142UP5grN73H1Xd3HzrdbU5o9GYYP/y8F9ZSwLE9g==}
    deprecated: '`mdast` was renamed to `remark`'
    dev: true

  /micromark-core-commonmark/1.0.6:
    resolution: {integrity: sha512-K+PkJTxqjFfSNkfAhp4GB+cZPfQd6dxtTXnf+RjZOV7T4EEXnvgzOcnp+eSTmpGk9d1S9sL6/lqrgSNn/s0HZA==}
    dependencies:
      decode-named-character-reference: 1.0.2
      micromark-factory-destination: 1.0.0
      micromark-factory-label: 1.0.2
      micromark-factory-space: 1.0.0
      micromark-factory-title: 1.0.2
      micromark-factory-whitespace: 1.0.0
      micromark-util-character: 1.1.0
      micromark-util-chunked: 1.0.0
      micromark-util-classify-character: 1.0.0
      micromark-util-html-tag-name: 1.1.0
      micromark-util-normalize-identifier: 1.0.0
      micromark-util-resolve-all: 1.0.0
      micromark-util-subtokenize: 1.0.2
      micromark-util-symbol: 1.0.1
      micromark-util-types: 1.0.2
      uvu: 0.5.6
    dev: true

  /micromark-factory-destination/1.0.0:
    resolution: {integrity: sha512-eUBA7Rs1/xtTVun9TmV3gjfPz2wEwgK5R5xcbIM5ZYAtvGF6JkyaDsj0agx8urXnO31tEO6Ug83iVH3tdedLnw==}
    dependencies:
      micromark-util-character: 1.1.0
      micromark-util-symbol: 1.0.1
      micromark-util-types: 1.0.2
    dev: true

  /micromark-factory-label/1.0.2:
    resolution: {integrity: sha512-CTIwxlOnU7dEshXDQ+dsr2n+yxpP0+fn271pu0bwDIS8uqfFcumXpj5mLn3hSC8iw2MUr6Gx8EcKng1dD7i6hg==}
    dependencies:
      micromark-util-character: 1.1.0
      micromark-util-symbol: 1.0.1
      micromark-util-types: 1.0.2
      uvu: 0.5.6
    dev: true

  /micromark-factory-space/1.0.0:
    resolution: {integrity: sha512-qUmqs4kj9a5yBnk3JMLyjtWYN6Mzfcx8uJfi5XAveBniDevmZasdGBba5b4QsvRcAkmvGo5ACmSUmyGiKTLZew==}
    dependencies:
      micromark-util-character: 1.1.0
      micromark-util-types: 1.0.2
    dev: true

  /micromark-factory-title/1.0.2:
    resolution: {integrity: sha512-zily+Nr4yFqgMGRKLpTVsNl5L4PMu485fGFDOQJQBl2NFpjGte1e86zC0da93wf97jrc4+2G2GQudFMHn3IX+A==}
    dependencies:
      micromark-factory-space: 1.0.0
      micromark-util-character: 1.1.0
      micromark-util-symbol: 1.0.1
      micromark-util-types: 1.0.2
      uvu: 0.5.6
    dev: true

  /micromark-factory-whitespace/1.0.0:
    resolution: {integrity: sha512-Qx7uEyahU1lt1RnsECBiuEbfr9INjQTGa6Err+gF3g0Tx4YEviPbqqGKNv/NrBaE7dVHdn1bVZKM/n5I/Bak7A==}
    dependencies:
      micromark-factory-space: 1.0.0
      micromark-util-character: 1.1.0
      micromark-util-symbol: 1.0.1
      micromark-util-types: 1.0.2
    dev: true

  /micromark-util-character/1.1.0:
    resolution: {integrity: sha512-agJ5B3unGNJ9rJvADMJ5ZiYjBRyDpzKAOk01Kpi1TKhlT1APx3XZk6eN7RtSz1erbWHC2L8T3xLZ81wdtGRZzg==}
    dependencies:
      micromark-util-symbol: 1.0.1
      micromark-util-types: 1.0.2
    dev: true

  /micromark-util-chunked/1.0.0:
    resolution: {integrity: sha512-5e8xTis5tEZKgesfbQMKRCyzvffRRUX+lK/y+DvsMFdabAicPkkZV6gO+FEWi9RfuKKoxxPwNL+dFF0SMImc1g==}
    dependencies:
      micromark-util-symbol: 1.0.1
    dev: true

  /micromark-util-classify-character/1.0.0:
    resolution: {integrity: sha512-F8oW2KKrQRb3vS5ud5HIqBVkCqQi224Nm55o5wYLzY/9PwHGXC01tr3d7+TqHHz6zrKQ72Okwtvm/xQm6OVNZA==}
    dependencies:
      micromark-util-character: 1.1.0
      micromark-util-symbol: 1.0.1
      micromark-util-types: 1.0.2
    dev: true

  /micromark-util-combine-extensions/1.0.0:
    resolution: {integrity: sha512-J8H058vFBdo/6+AsjHp2NF7AJ02SZtWaVUjsayNFeAiydTxUwViQPxN0Hf8dp4FmCQi0UUFovFsEyRSUmFH3MA==}
    dependencies:
      micromark-util-chunked: 1.0.0
      micromark-util-types: 1.0.2
    dev: true

  /micromark-util-decode-numeric-character-reference/1.0.0:
    resolution: {integrity: sha512-OzO9AI5VUtrTD7KSdagf4MWgHMtET17Ua1fIpXTpuhclCqD8egFWo85GxSGvxgkGS74bEahvtM0WP0HjvV0e4w==}
    dependencies:
      micromark-util-symbol: 1.0.1
    dev: true

  /micromark-util-decode-string/1.0.2:
    resolution: {integrity: sha512-DLT5Ho02qr6QWVNYbRZ3RYOSSWWFuH3tJexd3dgN1odEuPNxCngTCXJum7+ViRAd9BbdxCvMToPOD/IvVhzG6Q==}
    dependencies:
      decode-named-character-reference: 1.0.2
      micromark-util-character: 1.1.0
      micromark-util-decode-numeric-character-reference: 1.0.0
      micromark-util-symbol: 1.0.1
    dev: true

  /micromark-util-encode/1.0.1:
    resolution: {integrity: sha512-U2s5YdnAYexjKDel31SVMPbfi+eF8y1U4pfiRW/Y8EFVCy/vgxk/2wWTxzcqE71LHtCuCzlBDRU2a5CQ5j+mQA==}
    dev: true

  /micromark-util-html-tag-name/1.1.0:
    resolution: {integrity: sha512-BKlClMmYROy9UiV03SwNmckkjn8QHVaWkqoAqzivabvdGcwNGMMMH/5szAnywmsTBUzDsU57/mFi0sp4BQO6dA==}
    dev: true

  /micromark-util-normalize-identifier/1.0.0:
    resolution: {integrity: sha512-yg+zrL14bBTFrQ7n35CmByWUTFsgst5JhA4gJYoty4Dqzj4Z4Fr/DHekSS5aLfH9bdlfnSvKAWsAgJhIbogyBg==}
    dependencies:
      micromark-util-symbol: 1.0.1
    dev: true

  /micromark-util-resolve-all/1.0.0:
    resolution: {integrity: sha512-CB/AGk98u50k42kvgaMM94wzBqozSzDDaonKU7P7jwQIuH2RU0TeBqGYJz2WY1UdihhjweivStrJ2JdkdEmcfw==}
    dependencies:
      micromark-util-types: 1.0.2
    dev: true

  /micromark-util-sanitize-uri/1.1.0:
    resolution: {integrity: sha512-RoxtuSCX6sUNtxhbmsEFQfWzs8VN7cTctmBPvYivo98xb/kDEoTCtJQX5wyzIYEmk/lvNFTat4hL8oW0KndFpg==}
    dependencies:
      micromark-util-character: 1.1.0
      micromark-util-encode: 1.0.1
      micromark-util-symbol: 1.0.1
    dev: true

  /micromark-util-subtokenize/1.0.2:
    resolution: {integrity: sha512-d90uqCnXp/cy4G881Ub4psE57Sf8YD0pim9QdjCRNjfas2M1u6Lbt+XZK9gnHL2XFhnozZiEdCa9CNfXSfQ6xA==}
    dependencies:
      micromark-util-chunked: 1.0.0
      micromark-util-symbol: 1.0.1
      micromark-util-types: 1.0.2
      uvu: 0.5.6
    dev: true

  /micromark-util-symbol/1.0.1:
    resolution: {integrity: sha512-oKDEMK2u5qqAptasDAwWDXq0tG9AssVwAx3E9bBF3t/shRIGsWIRG+cGafs2p/SnDSOecnt6hZPCE2o6lHfFmQ==}
    dev: true

  /micromark-util-types/1.0.2:
    resolution: {integrity: sha512-DCfg/T8fcrhrRKTPjRrw/5LLvdGV7BHySf/1LOZx7TzWZdYRjogNtyNq885z3nNallwr3QUKARjqvHqX1/7t+w==}
    dev: true

  /micromark/3.1.0:
    resolution: {integrity: sha512-6Mj0yHLdUZjHnOPgr5xfWIMqMWS12zDN6iws9SLuSz76W8jTtAv24MN4/CL7gJrl5vtxGInkkqDv/JIoRsQOvA==}
    dependencies:
      '@types/debug': 4.1.7
      debug: 4.3.4
      decode-named-character-reference: 1.0.2
      micromark-core-commonmark: 1.0.6
      micromark-factory-space: 1.0.0
      micromark-util-character: 1.1.0
      micromark-util-chunked: 1.0.0
      micromark-util-combine-extensions: 1.0.0
      micromark-util-decode-numeric-character-reference: 1.0.0
      micromark-util-encode: 1.0.1
      micromark-util-normalize-identifier: 1.0.0
      micromark-util-resolve-all: 1.0.0
      micromark-util-sanitize-uri: 1.1.0
      micromark-util-subtokenize: 1.0.2
      micromark-util-symbol: 1.0.1
      micromark-util-types: 1.0.2
      uvu: 0.5.6
    transitivePeerDependencies:
      - supports-color
    dev: true

  /minimatch/9.0.0:
    resolution: {integrity: sha512-0jJj8AvgKqWN05mrwuqi8QYKx1WmYSUoKSxu5Qhs9prezTz10sxAHGNZe9J9cqIJzta8DWsleh2KaVaLl6Ru2w==}
    engines: {node: '>=16 || 14 >=14.17'}
    dependencies:
      brace-expansion: 2.0.1
    dev: true

  /minipass/5.0.0:
    resolution: {integrity: sha512-3FnjYuehv9k6ovOEbyOswadCDPX1piCfhV8ncmYtHOjuPwylVWsghTLo7rabjC3Rx5xD4HDx8Wm1xnMF7S5qFQ==}
    engines: {node: '>=8'}
    dev: true

  /mri/1.2.0:
    resolution: {integrity: sha512-tzzskb3bG8LvYGFF/mDTpq3jpI6Q9wc3LEmBaghu+DdCssd1FakN7Bc0hVNmEyGq1bq3RgfkCb3cmQLpNPOroA==}
    engines: {node: '>=4'}
    dev: true

  /ms/2.1.2:
    resolution: {integrity: sha512-sGkPx+VjMtmA6MX27oA4FBFELFCZZ4S4XqeGOXCv68tT+jb3vk/RyaKWP0PTKyWtmLSM0b+adUTEvbs1PEaH2w==}
    dev: true

  /path-key/3.1.1:
    resolution: {integrity: sha512-ojmeN0qd+y0jszEtoY48r0Peq5dwMEkIlCOu6Q5f41lfkswXuKtYrhgoTpLnyIcHm24Uhqx+5Tqm2InSwLhE6Q==}
    engines: {node: '>=8'}
    dev: true

  /path-scurry/1.7.0:
    resolution: {integrity: sha512-UkZUeDjczjYRE495+9thsgcVgsaCPkaw80slmfVFgllxY+IO8ubTsOpFVjDPROBqJdHfVPUFRHPBV/WciOVfWg==}
    engines: {node: '>=16 || 14 >=14.17'}
    dependencies:
      lru-cache: 9.1.1
      minipass: 5.0.0
    dev: true

  /remark-parse/10.0.1:
    resolution: {integrity: sha512-1fUyHr2jLsVOkhbvPRBJ5zTKZZyD6yZzYaWCS6BPBdQ8vEMBCH+9zNCDA6tET/zHCi/jLqjCWtlJZUPk+DbnFw==}
    dependencies:
      '@types/mdast': 3.0.11
      mdast-util-from-markdown: 1.3.0
      unified: 10.1.2
    transitivePeerDependencies:
      - supports-color
    dev: true

  /remark-stringify/10.0.2:
    resolution: {integrity: sha512-6wV3pvbPvHkbNnWB0wdDvVFHOe1hBRAx1Q/5g/EpH4RppAII6J8Gnwe7VbHuXaoKIF6LAg6ExTel/+kNqSQ7lw==}
    dependencies:
      '@types/mdast': 3.0.11
      mdast-util-to-markdown: 1.5.0
      unified: 10.1.2
    dev: true

  /remark/14.0.2:
    resolution: {integrity: sha512-A3ARm2V4BgiRXaUo5K0dRvJ1lbogrbXnhkJRmD0yw092/Yl0kOCZt1k9ZeElEwkZsWGsMumz6qL5MfNJH9nOBA==}
    dependencies:
      '@types/mdast': 3.0.11
      remark-parse: 10.0.1
      remark-stringify: 10.0.2
      unified: 10.1.2
    transitivePeerDependencies:
      - supports-color
    dev: true

  /rimraf/5.0.0:
    resolution: {integrity: sha512-Jf9llaP+RvaEVS5nPShYFhtXIrb3LRKP281ib3So0KkeZKo2wIKyq0Re7TOSwanasA423PSr6CCIL4bP6T040g==}
    engines: {node: '>=14'}
    hasBin: true
    dependencies:
      glob: 10.2.2
    dev: true

  /sade/1.8.1:
    resolution: {integrity: sha512-xal3CZX1Xlo/k4ApwCFrHVACi9fBqJ7V+mwhBsuf/1IOKbBy098Fex+Wa/5QMubw09pSZ/u8EY8PWgevJsXp1A==}
    engines: {node: '>=6'}
    dependencies:
      mri: 1.2.0
    dev: true

  /shebang-command/2.0.0:
    resolution: {integrity: sha512-kHxr2zZpYtdmrN1qDjrrX/Z1rR1kG8Dx+gkpK1G4eXmvXswmcE1hTWBWYUzlraYw1/yZp6YuDY77YtvbN0dmDA==}
    engines: {node: '>=8'}
    dependencies:
      shebang-regex: 3.0.0
    dev: true

  /shebang-regex/3.0.0:
    resolution: {integrity: sha512-7++dFhtcx3353uBaq8DDR4NuxBetBzC7ZQOhmTQInHEd6bSrXdiEyzCvG07Z44UYdLShWUyXt5M/yhz8ekcb1A==}
    engines: {node: '>=8'}
    dev: true

  /signal-exit/4.0.1:
    resolution: {integrity: sha512-uUWsN4aOxJAS8KOuf3QMyFtgm1pkb6I+KRZbRF/ghdf5T7sM+B1lLLzPDxswUjkmHyxQAVzEgG35E3NzDM9GVw==}
    engines: {node: '>=14'}
    dev: true

  /string-width/4.2.3:
    resolution: {integrity: sha512-wKyQRQpjJ0sIp62ErSZdGsjMJWsap5oRNihHhu6G7JVO/9jIB6UyevL+tXuOqrng8j/cxKTWyWUwvSTriiZz/g==}
    engines: {node: '>=8'}
    dependencies:
      emoji-regex: 8.0.0
      is-fullwidth-code-point: 3.0.0
      strip-ansi: 6.0.1
    dev: true

  /strip-ansi/6.0.1:
    resolution: {integrity: sha512-Y38VPSHcqkFrCpFnQ9vuSXmquuv5oXOKpGeT6aGrr3o3Gc9AlVa6JBfUSOCnbxGGZF+/0ooI7KrPuUSztUdU5A==}
    engines: {node: '>=8'}
    dependencies:
      ansi-regex: 5.0.1
    dev: true

  /trough/2.1.0:
    resolution: {integrity: sha512-AqTiAOLcj85xS7vQ8QkAV41hPDIJ71XJB4RCUrzo/1GM2CQwhkJGaf9Hgr7BOugMRpgGUrqRg/DrBDl4H40+8g==}
    dev: true

  /tslib/2.5.0:
    resolution: {integrity: sha512-336iVw3rtn2BUK7ORdIAHTyxHGRIHVReokCR3XjbckJMK7ms8FysBfhLR8IXnAgy7T0PTPNBWKiH514FOW/WSg==}
    dev: true

  /typescript/5.0.4:
    resolution: {integrity: sha512-cW9T5W9xY37cc+jfEnaUvX91foxtHkza3Nw3wkoF4sSlKn0MONdkdEndig/qPBWXNkmplh3NzayQzCiHM4/hqw==}
    engines: {node: '>=12.20'}
    hasBin: true
    dev: true

  /unified/10.1.2:
    resolution: {integrity: sha512-pUSWAi/RAnVy1Pif2kAoeWNBa3JVrx0MId2LASj8G+7AiHWoKZNTomq6LG326T68U7/e263X6fTdcXIy7XnF7Q==}
    dependencies:
      '@types/unist': 2.0.6
      bail: 2.0.2
      extend: 3.0.2
      is-buffer: 2.0.5
      is-plain-obj: 4.1.0
      trough: 2.1.0
      vfile: 5.3.7
    dev: true

  /unist-util-is/5.2.1:
    resolution: {integrity: sha512-u9njyyfEh43npf1M+yGKDGVPbY/JWEemg5nH05ncKPfi+kBbKBJoTdsogMu33uhytuLlv9y0O7GH7fEdwLdLQw==}
    dependencies:
      '@types/unist': 2.0.6
    dev: true

  /unist-util-stringify-position/3.0.3:
    resolution: {integrity: sha512-k5GzIBZ/QatR8N5X2y+drfpWG8IDBzdnVj6OInRNWm1oXrzydiaAT2OQiA8DPRRZyAKb9b6I2a6PxYklZD0gKg==}
    dependencies:
      '@types/unist': 2.0.6
    dev: true

  /unist-util-visit-parents/5.1.3:
    resolution: {integrity: sha512-x6+y8g7wWMyQhL1iZfhIPhDAs7Xwbn9nRosDXl7qoPTSCy0yNxnKc+hWokFifWQIDGi154rdUqKvbCa4+1kLhg==}
    dependencies:
      '@types/unist': 2.0.6
      unist-util-is: 5.2.1
    dev: true

  /unist-util-visit/4.1.2:
    resolution: {integrity: sha512-MSd8OUGISqHdVvfY9TPhyK2VdUrPgxkUtWSuMHF6XAAFuL4LokseigBnZtPnJMu+FbynTkFNnFlyjxpVKujMRg==}
    dependencies:
      '@types/unist': 2.0.6
      unist-util-is: 5.2.1
      unist-util-visit-parents: 5.1.3
    dev: true

  /uvu/0.5.6:
    resolution: {integrity: sha512-+g8ENReyr8YsOc6fv/NVJs2vFdHBnBNdfE49rshrTzDWOlUx4Gq7KOS2GD8eqhy2j+Ejq29+SbKH8yjkAqXqoA==}
    engines: {node: '>=8'}
    hasBin: true
    dependencies:
      dequal: 2.0.3
      diff: 5.1.0
      kleur: 4.1.5
      sade: 1.8.1
    dev: true

  /vfile-message/3.1.4:
    resolution: {integrity: sha512-fa0Z6P8HUrQN4BZaX05SIVXic+7kE3b05PWAtPuYP9QLHsLKYR7/AlLW3NtOrpXRLeawpDLMsVkmk5DG0NXgWw==}
    dependencies:
      '@types/unist': 2.0.6
      unist-util-stringify-position: 3.0.3
    dev: true

  /vfile/5.3.7:
    resolution: {integrity: sha512-r7qlzkgErKjobAmyNIkkSpizsFPYiUPuJb5pNW1RB4JcYVZhs4lIbVqk8XPk033CV/1z8ss5pkax8SuhGpcG8g==}
    dependencies:
      '@types/unist': 2.0.6
      is-buffer: 2.0.5
      unist-util-stringify-position: 3.0.3
      vfile-message: 3.1.4
    dev: true

  /which/2.0.2:
    resolution: {integrity: sha512-BLI3Tl1TW3Pvl70l3yq3Y64i+awpwXqsGBYWkkqMtnbXgrMD+yj7rhW0kuEDxzJaYXGjEW5ogapKNMEKNMjibA==}
    engines: {node: '>= 8'}
    hasBin: true
    dependencies:
      isexe: 2.0.0
    dev: true

  /wrap-ansi/7.0.0:
    resolution: {integrity: sha512-YVGIj2kamLSTxw6NsZjoBxfSwsn0ycdesmc4p+Q21c5zPuZ1pl+NfxVdxPtdHvmNVOQ6XSYG4AUtyt/Fi7D16Q==}
    engines: {node: '>=10'}
    dependencies:
      ansi-styles: 4.3.0
      string-width: 4.2.3
      strip-ansi: 6.0.1
    dev: true

  /zwitch/2.0.4:
    resolution: {integrity: sha512-bXE4cR/kVZhKZX/RjPEflHaKVhUVl85noU3v6b8apfQEc1x4A+zBxjZ4lN8LqGd6WZ3dl98pY4o717VFmoPp+A==}
    dev: true
